
Microsoft Visual Studio Solution File, Format Version 12.00
# Visual Studio 15
VisualStudioVersion = 15.0.26730.12
MinimumVisualStudioVersion = 10.0.40219.1
Project("{FAE04EC0-301F-11D3-BF4B-00C04F79EFBC}") = "GoogleServiceAccountAccessToken", "GoogleServiceAccountAccessToken\GoogleServiceAccountAccessToken.csproj", "{D0B44116-894F-4D1B-B589-733698C6DFDD}"
EndProject
Global
	GlobalSection(SolutionConfigurationPlatforms) = preSolution
		Debug|Any CPU = Debug|Any CPU
		Release|Any CPU = Release|Any CPU
	EndGlobalSection
	GlobalSection(ProjectConfigurationPlatforms) = postSolution
		{D0B44116-894F-4D1B-B589-733698C6DFDD}.Debug|Any CPU.ActiveCfg = Debug|Any CPU
		{D0B44116-894F-4D1B-B589-733698C6DFDD}.Debug|Any CPU.Build.0 = Debug|Any CPU
		{D0B44116-894F-4D1B-B589-733698C6DFDD}.Release|Any CPU.ActiveCfg = Release|Any CPU
		{D0B44116-894F-4D1B-B589-733698C6DFDD}.Release|Any CPU.Build.0 = Release|Any CPU
	EndGlobalSection
	GlobalSection(SolutionProperties) = preSolution
		HideSolutionNode = FALSE
	EndGlobalSection
	GlobalSection(ExtensibilityGlobals) = postSolution
		SolutionGuid = {EE5C0CE3-9189-4219-9F06-2A60C62E7A6D}
	EndGlobalSection
EndGlobal
